// !$*UTF8*$!
{
	archiveVersion = 1;
	classes = {
	};
	objectVersion = 52;
	objects = {

/* Begin PBXBuildFile section */
		12CD8982251523DA0078261C /* AddView.swift in Sources */ = {isa = PBXBuildFile; fileRef = 12CD8981251523DA0078261C /* AddView.swift */; };
		12CD8986251525630078261C /* SearchBar.swift in Sources */ = {isa = PBXBuildFile; fileRef = 12CD8985251525630078261C /* SearchBar.swift */; };
		12CD8993251547800078261C /* Co2_data.json in Resources */ = {isa = PBXBuildFile; fileRef = 12CD8992251547800078261C /* Co2_data.json */; };
		12CD89A325154F7B0078261C /* ListView.swift in Sources */ = {isa = PBXBuildFile; fileRef = 12CD89A225154F7B0078261C /* ListView.swift */; };
		12CD89A7251550F90078261C /* ListItem.swift in Sources */ = {isa = PBXBuildFile; fileRef = 12CD89A6251550F90078261C /* ListItem.swift */; };
		684D681B195039726AFE4053 /* Pods_myclimatepal.framework in Frameworks */ = {isa = PBXBuildFile; fileRef = CC43D7E334DCF578EC0FBD80 /* Pods_myclimatepal.framework */; };
		CD1B026A2515605E002C1313 /* SwiftUICharts in Frameworks */ = {isa = PBXBuildFile; productRef = CD1B02692515605E002C1313 /* SwiftUICharts */; };
		CD1B026C251560D2002C1313 /* HistoryView.swift in Sources */ = {isa = PBXBuildFile; fileRef = CD1B026B251560D2002C1313 /* HistoryView.swift */; };
		CD3A2C2725151484004DAF35 /* AppDelegate.swift in Sources */ = {isa = PBXBuildFile; fileRef = CD3A2C2625151484004DAF35 /* AppDelegate.swift */; };
		CD3A2C2925151484004DAF35 /* SceneDelegate.swift in Sources */ = {isa = PBXBuildFile; fileRef = CD3A2C2825151484004DAF35 /* SceneDelegate.swift */; };
		CD3A2C2B25151484004DAF35 /* ContentView.swift in Sources */ = {isa = PBXBuildFile; fileRef = CD3A2C2A25151484004DAF35 /* ContentView.swift */; };
		CD3A2C2D25151486004DAF35 /* Assets.xcassets in Resources */ = {isa = PBXBuildFile; fileRef = CD3A2C2C25151486004DAF35 /* Assets.xcassets */; };
		CD3A2C3025151486004DAF35 /* Preview Assets.xcassets in Resources */ = {isa = PBXBuildFile; fileRef = CD3A2C2F25151486004DAF35 /* Preview Assets.xcassets */; };
		CD3A2C3325151486004DAF35 /* LaunchScreen.storyboard in Resources */ = {isa = PBXBuildFile; fileRef = CD3A2C3125151486004DAF35 /* LaunchScreen.storyboard */; };
		CD3A2C4225151F9E004DAF35 /* co2statView.swift in Sources */ = {isa = PBXBuildFile; fileRef = CD3A2C4125151F9E004DAF35 /* co2statView.swift */; };
		CD3A2C4425153F17004DAF35 /* model.swift in Sources */ = {isa = PBXBuildFile; fileRef = CD3A2C4325153F17004DAF35 /* model.swift */; };
/* End PBXBuildFile section */

/* Begin PBXFileReference section */
		0287215BF5B2ECAB2EF92AB1 /* Pods-myclimatepal.debug.xcconfig */ = {isa = PBXFileReference; includeInIndex = 1; lastKnownFileType = text.xcconfig; name = "Pods-myclimatepal.debug.xcconfig"; path = "Target Support Files/Pods-myclimatepal/Pods-myclimatepal.debug.xcconfig"; sourceTree = "<group>"; };
		09B929453A3146953A0A45EC /* Pods-myclimatepal.release.xcconfig */ = {isa = PBXFileReference; includeInIndex = 1; lastKnownFileType = text.xcconfig; name = "Pods-myclimatepal.release.xcconfig"; path = "Target Support Files/Pods-myclimatepal/Pods-myclimatepal.release.xcconfig"; sourceTree = "<group>"; };
		12CD8981251523DA0078261C /* AddView.swift */ = {isa = PBXFileReference; lastKnownFileType = sourcecode.swift; path = AddView.swift; sourceTree = "<group>"; };
		12CD8985251525630078261C /* SearchBar.swift */ = {isa = PBXFileReference; lastKnownFileType = sourcecode.swift; path = SearchBar.swift; sourceTree = "<group>"; };
		12CD8992251547800078261C /* Co2_data.json */ = {isa = PBXFileReference; fileEncoding = 4; lastKnownFileType = text.json; path = Co2_data.json; sourceTree = "<group>"; };
		12CD89A225154F7B0078261C /* ListView.swift */ = {isa = PBXFileReference; lastKnownFileType = sourcecode.swift; path = ListView.swift; sourceTree = "<group>"; };
		12CD89A6251550F90078261C /* ListItem.swift */ = {isa = PBXFileReference; lastKnownFileType = sourcecode.swift; path = ListItem.swift; sourceTree = "<group>"; };
		CC43D7E334DCF578EC0FBD80 /* Pods_myclimatepal.framework */ = {isa = PBXFileReference; explicitFileType = wrapper.framework; includeInIndex = 0; path = Pods_myclimatepal.framework; sourceTree = BUILT_PRODUCTS_DIR; };
		CD1B026B251560D2002C1313 /* HistoryView.swift */ = {isa = PBXFileReference; lastKnownFileType = sourcecode.swift; path = HistoryView.swift; sourceTree = "<group>"; };
		CD3A2C2325151484004DAF35 /* myclimatepal.app */ = {isa = PBXFileReference; explicitFileType = wrapper.application; includeInIndex = 0; path = myclimatepal.app; sourceTree = BUILT_PRODUCTS_DIR; };
		CD3A2C2625151484004DAF35 /* AppDelegate.swift */ = {isa = PBXFileReference; lastKnownFileType = sourcecode.swift; path = AppDelegate.swift; sourceTree = "<group>"; };
		CD3A2C2825151484004DAF35 /* SceneDelegate.swift */ = {isa = PBXFileReference; lastKnownFileType = sourcecode.swift; path = SceneDelegate.swift; sourceTree = "<group>"; };
		CD3A2C2A25151484004DAF35 /* ContentView.swift */ = {isa = PBXFileReference; lastKnownFileType = sourcecode.swift; path = ContentView.swift; sourceTree = "<group>"; };
		CD3A2C2C25151486004DAF35 /* Assets.xcassets */ = {isa = PBXFileReference; lastKnownFileType = folder.assetcatalog; path = Assets.xcassets; sourceTree = "<group>"; };
		CD3A2C2F25151486004DAF35 /* Preview Assets.xcassets */ = {isa = PBXFileReference; lastKnownFileType = folder.assetcatalog; path = "Preview Assets.xcassets"; sourceTree = "<group>"; };
		CD3A2C3225151486004DAF35 /* Base */ = {isa = PBXFileReference; lastKnownFileType = file.storyboard; name = Base; path = Base.lproj/LaunchScreen.storyboard; sourceTree = "<group>"; };
		CD3A2C3425151486004DAF35 /* Info.plist */ = {isa = PBXFileReference; lastKnownFileType = text.plist.xml; path = Info.plist; sourceTree = "<group>"; };
		CD3A2C4125151F9E004DAF35 /* co2statView.swift */ = {isa = PBXFileReference; lastKnownFileType = sourcecode.swift; path = co2statView.swift; sourceTree = "<group>"; };
		CD3A2C4325153F17004DAF35 /* model.swift */ = {isa = PBXFileReference; lastKnownFileType = sourcecode.swift; path = model.swift; sourceTree = "<group>"; };
/* End PBXFileReference section */

/* Begin PBXFrameworksBuildPhase section */
		CD3A2C2025151484004DAF35 /* Frameworks */ = {
			isa = PBXFrameworksBuildPhase;
			buildActionMask = 2147483647;
			files = (
				684D681B195039726AFE4053 /* Pods_myclimatepal.framework in Frameworks */,
				CD1B026A2515605E002C1313 /* SwiftUICharts in Frameworks */,
			);
			runOnlyForDeploymentPostprocessing = 0;
		};
/* End PBXFrameworksBuildPhase section */

/* Begin PBXGroup section */
		12CD899E25154AA10078261C /* data */ = {
			isa = PBXGroup;
			children = (
				12CD8992251547800078261C /* Co2_data.json */,
			);
			path = data;
			sourceTree = "<group>";
		};
		B8571D885862BAF903D3D838 /* Pods */ = {
			isa = PBXGroup;
			children = (
				0287215BF5B2ECAB2EF92AB1 /* Pods-myclimatepal.debug.xcconfig */,
				09B929453A3146953A0A45EC /* Pods-myclimatepal.release.xcconfig */,
			);
			path = Pods;
			sourceTree = "<group>";
		};
		CD3A2C1A25151484004DAF35 = {
			isa = PBXGroup;
			children = (
				CD3A2C2525151484004DAF35 /* myclimatepal */,
				CD3A2C2425151484004DAF35 /* Products */,
				B8571D885862BAF903D3D838 /* Pods */,
				D757E3F673EC6A62DAF567E0 /* Frameworks */,
			);
			sourceTree = "<group>";
		};
		CD3A2C2425151484004DAF35 /* Products */ = {
			isa = PBXGroup;
			children = (
				CD3A2C2325151484004DAF35 /* myclimatepal.app */,
			);
			name = Products;
			sourceTree = "<group>";
		};
		CD3A2C2525151484004DAF35 /* myclimatepal */ = {
			isa = PBXGroup;
			children = (
				CD3A2C4025151F83004DAF35 /* co2Views */,
				CD3A2C2625151484004DAF35 /* AppDelegate.swift */,
				CD3A2C2825151484004DAF35 /* SceneDelegate.swift */,
				CD3A2C2A25151484004DAF35 /* ContentView.swift */,
				12CD8981251523DA0078261C /* AddView.swift */,
				12CD89A225154F7B0078261C /* ListView.swift */,
				12CD89A6251550F90078261C /* ListItem.swift */,
				12CD8985251525630078261C /* SearchBar.swift */,
				CD1B026B251560D2002C1313 /* HistoryView.swift */,
				CD3A2C2C25151486004DAF35 /* Assets.xcassets */,
				CD3A2C3125151486004DAF35 /* LaunchScreen.storyboard */,
				CD3A2C3425151486004DAF35 /* Info.plist */,
				12CD899E25154AA10078261C /* data */,
				CD3A2C2E25151486004DAF35 /* Preview Content */,
				CD3A2C4325153F17004DAF35 /* model.swift */,
			);
			path = myclimatepal;
			sourceTree = "<group>";
		};
		CD3A2C2E25151486004DAF35 /* Preview Content */ = {
			isa = PBXGroup;
			children = (
				CD3A2C2F25151486004DAF35 /* Preview Assets.xcassets */,
			);
			path = "Preview Content";
			sourceTree = "<group>";
		};
		CD3A2C4025151F83004DAF35 /* co2Views */ = {
			isa = PBXGroup;
			children = (
				CD3A2C4125151F9E004DAF35 /* co2statView.swift */,
			);
			name = co2Views;
			sourceTree = "<group>";
		};
		D757E3F673EC6A62DAF567E0 /* Frameworks */ = {
			isa = PBXGroup;
			children = (
				CC43D7E334DCF578EC0FBD80 /* Pods_myclimatepal.framework */,
			);
			name = Frameworks;
			sourceTree = "<group>";
		};
/* End PBXGroup section */

/* Begin PBXNativeTarget section */
		CD3A2C2225151484004DAF35 /* myclimatepal */ = {
			isa = PBXNativeTarget;
			buildConfigurationList = CD3A2C3725151486004DAF35 /* Build configuration list for PBXNativeTarget "myclimatepal" */;
			buildPhases = (
				A25F5C8B52E621EF2A6B2483 /* [CP] Check Pods Manifest.lock */,
				CD3A2C1F25151484004DAF35 /* Sources */,
				CD3A2C2025151484004DAF35 /* Frameworks */,
				CD3A2C2125151484004DAF35 /* Resources */,
				20909F3AD8C9EDCEA3E1233C /* [CP] Embed Pods Frameworks */,
			);
			buildRules = (
			);
			dependencies = (
			);
			name = myclimatepal;
			packageProductDependencies = (
				CD1B02692515605E002C1313 /* SwiftUICharts */,
			);
			productName = myclimatepal;
			productReference = CD3A2C2325151484004DAF35 /* myclimatepal.app */;
			productType = "com.apple.product-type.application";
		};
/* End PBXNativeTarget section */

/* Begin PBXProject section */
		CD3A2C1B25151484004DAF35 /* Project object */ = {
			isa = PBXProject;
			attributes = {
				LastSwiftUpdateCheck = 1170;
				LastUpgradeCheck = 1170;
				ORGANIZATIONNAME = myclimatepal;
				TargetAttributes = {
					CD3A2C2225151484004DAF35 = {
						CreatedOnToolsVersion = 11.7;
					};
				};
			};
			buildConfigurationList = CD3A2C1E25151484004DAF35 /* Build configuration list for PBXProject "myclimatepal" */;
			compatibilityVersion = "Xcode 9.3";
			developmentRegion = en;
			hasScannedForEncodings = 0;
			knownRegions = (
				en,
				Base,
			);
			mainGroup = CD3A2C1A25151484004DAF35;
			packageReferences = (
				CD1B02682515605E002C1313 /* XCRemoteSwiftPackageReference "ChartView" */,
			);
			productRefGroup = CD3A2C2425151484004DAF35 /* Products */;
			projectDirPath = "";
			projectRoot = "";
			targets = (
				CD3A2C2225151484004DAF35 /* myclimatepal */,
			);
		};
/* End PBXProject section */

/* Begin PBXResourcesBuildPhase section */
		CD3A2C2125151484004DAF35 /* Resources */ = {
			isa = PBXResourcesBuildPhase;
			buildActionMask = 2147483647;
			files = (
				CD3A2C3325151486004DAF35 /* LaunchScreen.storyboard in Resources */,
				CD3A2C3025151486004DAF35 /* Preview Assets.xcassets in Resources */,
				12CD8993251547800078261C /* Co2_data.json in Resources */,
				CD3A2C2D25151486004DAF35 /* Assets.xcassets in Resources */,
			);
			runOnlyForDeploymentPostprocessing = 0;
		};
/* End PBXResourcesBuildPhase section */

/* Begin PBXShellScriptBuildPhase section */
		20909F3AD8C9EDCEA3E1233C /* [CP] Embed Pods Frameworks */ = {
			isa = PBXShellScriptBuildPhase;
			buildActionMask = 2147483647;
			files = (
			);
			inputFileListPaths = (
				"${PODS_ROOT}/Target Support Files/Pods-myclimatepal/Pods-myclimatepal-frameworks-${CONFIGURATION}-input-files.xcfilelist",
			);
			name = "[CP] Embed Pods Frameworks";
			outputFileListPaths = (
				"${PODS_ROOT}/Target Support Files/Pods-myclimatepal/Pods-myclimatepal-frameworks-${CONFIGURATION}-output-files.xcfilelist",
			);
			runOnlyForDeploymentPostprocessing = 0;
			shellPath = /bin/sh;
			shellScript = "\"${PODS_ROOT}/Target Support Files/Pods-myclimatepal/Pods-myclimatepal-frameworks.sh\"\n";
			showEnvVarsInLog = 0;
		};
		A25F5C8B52E621EF2A6B2483 /* [CP] Check Pods Manifest.lock */ = {
			isa = PBXShellScriptBuildPhase;
			buildActionMask = 2147483647;
			files = (
			);
			inputFileListPaths = (
			);
			inputPaths = (
				"${PODS_PODFILE_DIR_PATH}/Podfile.lock",
				"${PODS_ROOT}/Manifest.lock",
			);
			name = "[CP] Check Pods Manifest.lock";
			outputFileListPaths = (
			);
			outputPaths = (
				"$(DERIVED_FILE_DIR)/Pods-myclimatepal-checkManifestLockResult.txt",
			);
			runOnlyForDeploymentPostprocessing = 0;
			shellPath = /bin/sh;
			shellScript = "diff \"${PODS_PODFILE_DIR_PATH}/Podfile.lock\" \"${PODS_ROOT}/Manifest.lock\" > /dev/null\nif [ $? != 0 ] ; then\n    # print error to STDERR\n    echo \"error: The sandbox is not in sync with the Podfile.lock. Run 'pod install' or update your CocoaPods installation.\" >&2\n    exit 1\nfi\n# This output is used by Xcode 'outputs' to avoid re-running this script phase.\necho \"SUCCESS\" > \"${SCRIPT_OUTPUT_FILE_0}\"\n";
			showEnvVarsInLog = 0;
		};
/* End PBXShellScriptBuildPhase section */

/* Begin PBXSourcesBuildPhase section */
		CD3A2C1F25151484004DAF35 /* Sources */ = {
			isa = PBXSourcesBuildPhase;
			buildActionMask = 2147483647;
			files = (
				12CD8982251523DA0078261C /* AddView.swift in Sources */,
				CD3A2C2725151484004DAF35 /* AppDelegate.swift in Sources */,
				CD3A2C2925151484004DAF35 /* SceneDelegate.swift in Sources */,
				12CD89A7251550F90078261C /* ListItem.swift in Sources */,
				CD3A2C2B25151484004DAF35 /* ContentView.swift in Sources */,
				CD3A2C4225151F9E004DAF35 /* co2statView.swift in Sources */,
				12CD89A325154F7B0078261C /* ListView.swift in Sources */,
				CD1B026C251560D2002C1313 /* HistoryView.swift in Sources */,
				CD3A2C4425153F17004DAF35 /* model.swift in Sources */,
				12CD8986251525630078261C /* SearchBar.swift in Sources */,
			);
			runOnlyForDeploymentPostprocessing = 0;
		};
/* End PBXSourcesBuildPhase section */

/* Begin PBXVariantGroup section */
		CD3A2C3125151486004DAF35 /* LaunchScreen.storyboard */ = {
			isa = PBXVariantGroup;
			children = (
				CD3A2C3225151486004DAF35 /* Base */,
			);
			name = LaunchScreen.storyboard;
			sourceTree = "<group>";
		};
/* End PBXVariantGroup section */

/* Begin XCBuildConfiguration section */
		CD3A2C3525151486004DAF35 /* Debug */ = {
			isa = XCBuildConfiguration;
			buildSettings = {
				ALWAYS_SEARCH_USER_PATHS = NO;
				CLANG_ANALYZER_NONNULL = YES;
				CLANG_ANALYZER_NUMBER_OBJECT_CONVERSION = YES_AGGRESSIVE;
				CLANG_CXX_LANGUAGE_STANDARD = "gnu++14";
				CLANG_CXX_LIBRARY = "libc++";
				CLANG_ENABLE_MODULES = YES;
				CLANG_ENABLE_OBJC_ARC = YES;
				CLANG_ENABLE_OBJC_WEAK = YES;
				CLANG_WARN_BLOCK_CAPTURE_AUTORELEASING = YES;
				CLANG_WARN_BOOL_CONVERSION = YES;
				CLANG_WARN_COMMA = YES;
				CLANG_WARN_CONSTANT_CONVERSION = YES;
				CLANG_WARN_DEPRECATED_OBJC_IMPLEMENTATIONS = YES;
				CLANG_WARN_DIRECT_OBJC_ISA_USAGE = YES_ERROR;
				CLANG_WARN_DOCUMENTATION_COMMENTS = YES;
				CLANG_WARN_EMPTY_BODY = YES;
				CLANG_WARN_ENUM_CONVERSION = YES;
				CLANG_WARN_INFINITE_RECURSION = YES;
				CLANG_WARN_INT_CONVERSION = YES;
				CLANG_WARN_NON_LITERAL_NULL_CONVERSION = YES;
				CLANG_WARN_OBJC_IMPLICIT_RETAIN_SELF = YES;
				CLANG_WARN_OBJC_LITERAL_CONVERSION = YES;
				CLANG_WARN_OBJC_ROOT_CLASS = YES_ERROR;
				CLANG_WARN_RANGE_LOOP_ANALYSIS = YES;
				CLANG_WARN_STRICT_PROTOTYPES = YES;
				CLANG_WARN_SUSPICIOUS_MOVE = YES;
				CLANG_WARN_UNGUARDED_AVAILABILITY = YES_AGGRESSIVE;
				CLANG_WARN_UNREACHABLE_CODE = YES;
				CLANG_WARN__DUPLICATE_METHOD_MATCH = YES;
				COPY_PHASE_STRIP = NO;
				DEBUG_INFORMATION_FORMAT = dwarf;
				ENABLE_STRICT_OBJC_MSGSEND = YES;
				ENABLE_TESTABILITY = YES;
				GCC_C_LANGUAGE_STANDARD = gnu11;
				GCC_DYNAMIC_NO_PIC = NO;
				GCC_NO_COMMON_BLOCKS = YES;
				GCC_OPTIMIZATION_LEVEL = 0;
				GCC_PREPROCESSOR_DEFINITIONS = (
					"DEBUG=1",
					"$(inherited)",
				);
				GCC_WARN_64_TO_32_BIT_CONVERSION = YES;
				GCC_WARN_ABOUT_RETURN_TYPE = YES_ERROR;
				GCC_WARN_UNDECLARED_SELECTOR = YES;
				GCC_WARN_UNINITIALIZED_AUTOS = YES_AGGRESSIVE;
				GCC_WARN_UNUSED_FUNCTION = YES;
				GCC_WARN_UNUSED_VARIABLE = YES;
				IPHONEOS_DEPLOYMENT_TARGET = 13.7;
				MTL_ENABLE_DEBUG_INFO = INCLUDE_SOURCE;
				MTL_FAST_MATH = YES;
				ONLY_ACTIVE_ARCH = YES;
				SDKROOT = iphoneos;
				SWIFT_ACTIVE_COMPILATION_CONDITIONS = DEBUG;
				SWIFT_OPTIMIZATION_LEVEL = "-Onone";
			};
			name = Debug;
		};
		CD3A2C3625151486004DAF35 /* Release */ = {
			isa = XCBuildConfiguration;
			buildSettings = {
				ALWAYS_SEARCH_USER_PATHS = NO;
				CLANG_ANALYZER_NONNULL = YES;
				CLANG_ANALYZER_NUMBER_OBJECT_CONVERSION = YES_AGGRESSIVE;
				CLANG_CXX_LANGUAGE_STANDARD = "gnu++14";
				CLANG_CXX_LIBRARY = "libc++";
				CLANG_ENABLE_MODULES = YES;
				CLANG_ENABLE_OBJC_ARC = YES;
				CLANG_ENABLE_OBJC_WEAK = YES;
				CLANG_WARN_BLOCK_CAPTURE_AUTORELEASING = YES;
				CLANG_WARN_BOOL_CONVERSION = YES;
				CLANG_WARN_COMMA = YES;
				CLANG_WARN_CONSTANT_CONVERSION = YES;
				CLANG_WARN_DEPRECATED_OBJC_IMPLEMENTATIONS = YES;
				CLANG_WARN_DIRECT_OBJC_ISA_USAGE = YES_ERROR;
				CLANG_WARN_DOCUMENTATION_COMMENTS = YES;
				CLANG_WARN_EMPTY_BODY = YES;
				CLANG_WARN_ENUM_CONVERSION = YES;
				CLANG_WARN_INFINITE_RECURSION = YES;
				CLANG_WARN_INT_CONVERSION = YES;
				CLANG_WARN_NON_LITERAL_NULL_CONVERSION = YES;
				CLANG_WARN_OBJC_IMPLICIT_RETAIN_SELF = YES;
				CLANG_WARN_OBJC_LITERAL_CONVERSION = YES;
				CLANG_WARN_OBJC_ROOT_CLASS = YES_ERROR;
				CLANG_WARN_RANGE_LOOP_ANALYSIS = YES;
				CLANG_WARN_STRICT_PROTOTYPES = YES;
				CLANG_WARN_SUSPICIOUS_MOVE = YES;
				CLANG_WARN_UNGUARDED_AVAILABILITY = YES_AGGRESSIVE;
				CLANG_WARN_UNREACHABLE_CODE = YES;
				CLANG_WARN__DUPLICATE_METHOD_MATCH = YES;
				COPY_PHASE_STRIP = NO;
				DEBUG_INFORMATION_FORMAT = "dwarf-with-dsym";
				ENABLE_NS_ASSERTIONS = NO;
				ENABLE_STRICT_OBJC_MSGSEND = YES;
				GCC_C_LANGUAGE_STANDARD = gnu11;
				GCC_NO_COMMON_BLOCKS = YES;
				GCC_WARN_64_TO_32_BIT_CONVERSION = YES;
				GCC_WARN_ABOUT_RETURN_TYPE = YES_ERROR;
				GCC_WARN_UNDECLARED_SELECTOR = YES;
				GCC_WARN_UNINITIALIZED_AUTOS = YES_AGGRESSIVE;
				GCC_WARN_UNUSED_FUNCTION = YES;
				GCC_WARN_UNUSED_VARIABLE = YES;
				IPHONEOS_DEPLOYMENT_TARGET = 13.7;
				MTL_ENABLE_DEBUG_INFO = NO;
				MTL_FAST_MATH = YES;
				SDKROOT = iphoneos;
				SWIFT_COMPILATION_MODE = wholemodule;
				SWIFT_OPTIMIZATION_LEVEL = "-O";
				VALIDATE_PRODUCT = YES;
			};
			name = Release;
		};
		CD3A2C3825151486004DAF35 /* Debug */ = {
			isa = XCBuildConfiguration;
			baseConfigurationReference = 0287215BF5B2ECAB2EF92AB1 /* Pods-myclimatepal.debug.xcconfig */;
			buildSettings = {
				ASSETCATALOG_COMPILER_APPICON_NAME = AppIcon;
				CODE_SIGN_STYLE = Automatic;
				DEVELOPMENT_ASSET_PATHS = "\"myclimatepal/Preview Content\"";
				ENABLE_PREVIEWS = YES;
				INFOPLIST_FILE = myclimatepal/Info.plist;
				LD_RUNPATH_SEARCH_PATHS = (
					"$(inherited)",
					"@executable_path/Frameworks",
				);
				PRODUCT_BUNDLE_IDENTIFIER = app.myclimatepal;
				PRODUCT_NAME = "$(TARGET_NAME)";
				SWIFT_VERSION = 5.0;
				TARGETED_DEVICE_FAMILY = "1,2";
			};
			name = Debug;
		};
		CD3A2C3925151486004DAF35 /* Release */ = {
			isa = XCBuildConfiguration;
			baseConfigurationReference = 09B929453A3146953A0A45EC /* Pods-myclimatepal.release.xcconfig */;
			buildSettings = {
				ASSETCATALOG_COMPILER_APPICON_NAME = AppIcon;
				CODE_SIGN_STYLE = Automatic;
				DEVELOPMENT_ASSET_PATHS = "\"myclimatepal/Preview Content\"";
				ENABLE_PREVIEWS = YES;
				INFOPLIST_FILE = myclimatepal/Info.plist;
				LD_RUNPATH_SEARCH_PATHS = (
					"$(inherited)",
					"@executable_path/Frameworks",
				);
				PRODUCT_BUNDLE_IDENTIFIER = app.myclimatepal;
				PRODUCT_NAME = "$(TARGET_NAME)";
				SWIFT_VERSION = 5.0;
				TARGETED_DEVICE_FAMILY = "1,2";
			};
			name = Release;
		};
/* End XCBuildConfiguration section */

/* Begin XCConfigurationList section */
		CD3A2C1E25151484004DAF35 /* Build configuration list for PBXProject "myclimatepal" */ = {
			isa = XCConfigurationList;
			buildConfigurations = (
				CD3A2C3525151486004DAF35 /* Debug */,
				CD3A2C3625151486004DAF35 /* Release */,
			);
			defaultConfigurationIsVisible = 0;
			defaultConfigurationName = Release;
		};
		CD3A2C3725151486004DAF35 /* Build configuration list for PBXNativeTarget "myclimatepal" */ = {
			isa = XCConfigurationList;
			buildConfigurations = (
				CD3A2C3825151486004DAF35 /* Debug */,
				CD3A2C3925151486004DAF35 /* Release */,
			);
			defaultConfigurationIsVisible = 0;
			defaultConfigurationName = Release;
		};
/* End XCConfigurationList section */

/* Begin XCRemoteSwiftPackageReference section */
		CD1B02682515605E002C1313 /* XCRemoteSwiftPackageReference "ChartView" */ = {
			isa = XCRemoteSwiftPackageReference;
			repositoryURL = "https://github.com/AppPear/ChartView";
			requirement = {
				kind = upToNextMajorVersion;
				minimumVersion = 1.5.4;
			};
		};
/* End XCRemoteSwiftPackageReference section */

/* Begin XCSwiftPackageProductDependency section */
		CD1B02692515605E002C1313 /* SwiftUICharts */ = {
			isa = XCSwiftPackageProductDependency;
			package = CD1B02682515605E002C1313 /* XCRemoteSwiftPackageReference "ChartView" */;
			productName = SwiftUICharts;
		};
/* End XCSwiftPackageProductDependency section */
	};
	rootObject = CD3A2C1B25151484004DAF35 /* Project object */;
}
